// !$*UTF8*$!
{
	archiveVersion = 1;
	classes = {
	};
	objectVersion = 56;
	objects = {

/* Begin PBXBuildFile section */
		B9C292E5656465E40C268A71 /* Pods_iCryptPro.framework in Frameworks */ = {isa = PBXBuildFile; fileRef = 4B44B1D6FE569D0717B35357 /* Pods_iCryptPro.framework */; };
		CE900DA92AC12292005398E6 /* AppDelegate.swift in Sources */ = {isa = PBXBuildFile; fileRef = CE900DA82AC12292005398E6 /* AppDelegate.swift */; };
		CE900DAB2AC12292005398E6 /* SceneDelegate.swift in Sources */ = {isa = PBXBuildFile; fileRef = CE900DAA2AC12292005398E6 /* SceneDelegate.swift */; };
		CE900DAD2AC12292005398E6 /* HomeController.swift in Sources */ = {isa = PBXBuildFile; fileRef = CE900DAC2AC12292005398E6 /* HomeController.swift */; };
		CE900DB22AC12296005398E6 /* Assets.xcassets in Resources */ = {isa = PBXBuildFile; fileRef = CE900DB12AC12296005398E6 /* Assets.xcassets */; };
		CE900DB52AC12296005398E6 /* LaunchScreen.storyboard in Resources */ = {isa = PBXBuildFile; fileRef = CE900DB32AC12296005398E6 /* LaunchScreen.storyboard */; };
		CE900DC32AC1275A005398E6 /* Constants.swift in Sources */ = {isa = PBXBuildFile; fileRef = CE900DC22AC1275A005398E6 /* Constants.swift */; };
		CE900DC52AC12C85005398E6 /* Coin.swift in Sources */ = {isa = PBXBuildFile; fileRef = CE900DC42AC12C84005398E6 /* Coin.swift */; };
		CE900DC72AC1391A005398E6 /* CoinCell.swift in Sources */ = {isa = PBXBuildFile; fileRef = CE900DC62AC1391A005398E6 /* CoinCell.swift */; };
		CE900DC92AC17505005398E6 /* ViewCryptoController.swift in Sources */ = {isa = PBXBuildFile; fileRef = CE900DC82AC17505005398E6 /* ViewCryptoController.swift */; };
		CE900DCB2AC2AD05005398E6 /* ViewCryptoControllerViewModel.swift in Sources */ = {isa = PBXBuildFile; fileRef = CE900DCA2AC2AD05005398E6 /* ViewCryptoControllerViewModel.swift */; };
		CEAAB22E2AC4182E00ADB473 /* CoinError.swift in Sources */ = {isa = PBXBuildFile; fileRef = CEAAB22D2AC4182E00ADB473 /* CoinError.swift */; };
		CEAAB2302AC5041600ADB473 /* HTTP.swift in Sources */ = {isa = PBXBuildFile; fileRef = CEAAB22F2AC5041600ADB473 /* HTTP.swift */; };
		CEAAB2322AC55A9500ADB473 /* Endpoint.swift in Sources */ = {isa = PBXBuildFile; fileRef = CEAAB2312AC55A9500ADB473 /* Endpoint.swift */; };
		CEAAB2342AC575E900ADB473 /* CoinService.swift in Sources */ = {isa = PBXBuildFile; fileRef = CEAAB2332AC575E900ADB473 /* CoinService.swift */; };
		CEAAB2362AC57F3900ADB473 /* HomeControllerViewModel.swift in Sources */ = {isa = PBXBuildFile; fileRef = CEAAB2352AC57F3900ADB473 /* HomeControllerViewModel.swift */; };
		CECC42782AD42ACC0066C179 /* SDWebImage in Frameworks */ = {isa = PBXBuildFile; productRef = CECC42772AD42ACC0066C179 /* SDWebImage */; };
/* End PBXBuildFile section */

/* Begin PBXFileReference section */
		4B44B1D6FE569D0717B35357 /* Pods_iCryptPro.framework */ = {isa = PBXFileReference; explicitFileType = wrapper.framework; includeInIndex = 0; path = Pods_iCryptPro.framework; sourceTree = BUILT_PRODUCTS_DIR; };
		51B27967B5697B53D6939D39 /* Pods-iCryptPro.debug.xcconfig */ = {isa = PBXFileReference; includeInIndex = 1; lastKnownFileType = text.xcconfig; name = "Pods-iCryptPro.debug.xcconfig"; path = "Target Support Files/Pods-iCryptPro/Pods-iCryptPro.debug.xcconfig"; sourceTree = "<group>"; };
		CE900DA52AC12292005398E6 /* iCryptPro.app */ = {isa = PBXFileReference; explicitFileType = wrapper.application; includeInIndex = 0; path = iCryptPro.app; sourceTree = BUILT_PRODUCTS_DIR; };
		CE900DA82AC12292005398E6 /* AppDelegate.swift */ = {isa = PBXFileReference; lastKnownFileType = sourcecode.swift; path = AppDelegate.swift; sourceTree = "<group>"; };
		CE900DAA2AC12292005398E6 /* SceneDelegate.swift */ = {isa = PBXFileReference; lastKnownFileType = sourcecode.swift; path = SceneDelegate.swift; sourceTree = "<group>"; };
		CE900DAC2AC12292005398E6 /* HomeController.swift */ = {isa = PBXFileReference; lastKnownFileType = sourcecode.swift; path = HomeController.swift; sourceTree = "<group>"; };
		CE900DB12AC12296005398E6 /* Assets.xcassets */ = {isa = PBXFileReference; lastKnownFileType = folder.assetcatalog; path = Assets.xcassets; sourceTree = "<group>"; };
		CE900DB42AC12296005398E6 /* Base */ = {isa = PBXFileReference; lastKnownFileType = file.storyboard; name = Base; path = Base.lproj/LaunchScreen.storyboard; sourceTree = "<group>"; };
		CE900DB62AC12296005398E6 /* Info.plist */ = {isa = PBXFileReference; lastKnownFileType = text.plist.xml; path = Info.plist; sourceTree = "<group>"; };
		CE900DC22AC1275A005398E6 /* Constants.swift */ = {isa = PBXFileReference; lastKnownFileType = sourcecode.swift; path = Constants.swift; sourceTree = "<group>"; };
		CE900DC42AC12C84005398E6 /* Coin.swift */ = {isa = PBXFileReference; lastKnownFileType = sourcecode.swift; path = Coin.swift; sourceTree = "<group>"; };
		CE900DC62AC1391A005398E6 /* CoinCell.swift */ = {isa = PBXFileReference; lastKnownFileType = sourcecode.swift; path = CoinCell.swift; sourceTree = "<group>"; };
		CE900DC82AC17505005398E6 /* ViewCryptoController.swift */ = {isa = PBXFileReference; lastKnownFileType = sourcecode.swift; path = ViewCryptoController.swift; sourceTree = "<group>"; };
		CE900DCA2AC2AD05005398E6 /* ViewCryptoControllerViewModel.swift */ = {isa = PBXFileReference; lastKnownFileType = sourcecode.swift; path = ViewCryptoControllerViewModel.swift; sourceTree = "<group>"; };
		CEAAB22D2AC4182E00ADB473 /* CoinError.swift */ = {isa = PBXFileReference; lastKnownFileType = sourcecode.swift; path = CoinError.swift; sourceTree = "<group>"; };
		CEAAB22F2AC5041600ADB473 /* HTTP.swift */ = {isa = PBXFileReference; lastKnownFileType = sourcecode.swift; path = HTTP.swift; sourceTree = "<group>"; };
		CEAAB2312AC55A9500ADB473 /* Endpoint.swift */ = {isa = PBXFileReference; lastKnownFileType = sourcecode.swift; path = Endpoint.swift; sourceTree = "<group>"; };
		CEAAB2332AC575E900ADB473 /* CoinService.swift */ = {isa = PBXFileReference; lastKnownFileType = sourcecode.swift; path = CoinService.swift; sourceTree = "<group>"; };
		CEAAB2352AC57F3900ADB473 /* HomeControllerViewModel.swift */ = {isa = PBXFileReference; lastKnownFileType = sourcecode.swift; path = HomeControllerViewModel.swift; sourceTree = "<group>"; };
		E1D002CA4196CA05F62B1317 /* Pods-iCryptPro.release.xcconfig */ = {isa = PBXFileReference; includeInIndex = 1; lastKnownFileType = text.xcconfig; name = "Pods-iCryptPro.release.xcconfig"; path = "Target Support Files/Pods-iCryptPro/Pods-iCryptPro.release.xcconfig"; sourceTree = "<group>"; };
/* End PBXFileReference section */

/* Begin PBXFrameworksBuildPhase section */
		CE900DA22AC12292005398E6 /* Frameworks */ = {
			isa = PBXFrameworksBuildPhase;
			buildActionMask = 2147483647;
			files = (
				CECC42782AD42ACC0066C179 /* SDWebImage in Frameworks */,
				B9C292E5656465E40C268A71 /* Pods_iCryptPro.framework in Frameworks */,
			);
			runOnlyForDeploymentPostprocessing = 0;
		};
/* End PBXFrameworksBuildPhase section */

/* Begin PBXGroup section */
		7162E747D19C1FACEEAC5039 /* Pods */ = {
			isa = PBXGroup;
			children = (
				51B27967B5697B53D6939D39 /* Pods-iCryptPro.debug.xcconfig */,
				E1D002CA4196CA05F62B1317 /* Pods-iCryptPro.release.xcconfig */,
			);
			name = Pods;
			path = Pods;
			sourceTree = "<group>";
		};
		90593731A37A9D2755548CEA /* Frameworks */ = {
			isa = PBXGroup;
			children = (
				4B44B1D6FE569D0717B35357 /* Pods_iCryptPro.framework */,
			);
			name = Frameworks;
			sourceTree = "<group>";
		};
		CE900D9C2AC12292005398E6 = {
			isa = PBXGroup;
			children = (
				CE900DA72AC12292005398E6 /* iCryptPro */,
				CE900DA62AC12292005398E6 /* Products */,
				7162E747D19C1FACEEAC5039 /* Pods */,
				90593731A37A9D2755548CEA /* Frameworks */,
			);
			sourceTree = "<group>";
		};
		CE900DA62AC12292005398E6 /* Products */ = {
			isa = PBXGroup;
			children = (
				CE900DA52AC12292005398E6 /* iCryptPro.app */,
			);
			name = Products;
			sourceTree = "<group>";
		};
		CE900DA72AC12292005398E6 /* iCryptPro */ = {
			isa = PBXGroup;
			children = (
				CE900DC12AC12679005398E6 /* API */,
				CE900DC02AC12672005398E6 /* Models */,
				CE900DBF2AC1266A005398E6 /* Views */,
				CE900DBE2AC12651005398E6 /* ViewModels */,
				CE900DBD2AC12647005398E6 /* Controllers */,
				CE900DBC2AC1263A005398E6 /* Supporting */,
				CE900DB62AC12296005398E6 /* Info.plist */,
			);
			path = iCryptPro;
			sourceTree = "<group>";
		};
		CE900DBC2AC1263A005398E6 /* Supporting */ = {
			isa = PBXGroup;
			children = (
				CE900DA82AC12292005398E6 /* AppDelegate.swift */,
				CE900DAA2AC12292005398E6 /* SceneDelegate.swift */,
				CE900DB12AC12296005398E6 /* Assets.xcassets */,
				CE900DB32AC12296005398E6 /* LaunchScreen.storyboard */,
				CE900DC22AC1275A005398E6 /* Constants.swift */,
			);
			path = Supporting;
			sourceTree = "<group>";
		};
		CE900DBD2AC12647005398E6 /* Controllers */ = {
			isa = PBXGroup;
			children = (
				CE900DAC2AC12292005398E6 /* HomeController.swift */,
				CE900DC82AC17505005398E6 /* ViewCryptoController.swift */,
			);
			path = Controllers;
			sourceTree = "<group>";
		};
		CE900DBE2AC12651005398E6 /* ViewModels */ = {
			isa = PBXGroup;
			children = (
				CEAAB2352AC57F3900ADB473 /* HomeControllerViewModel.swift */,
				CE900DCA2AC2AD05005398E6 /* ViewCryptoControllerViewModel.swift */,
			);
			path = ViewModels;
			sourceTree = "<group>";
		};
		CE900DBF2AC1266A005398E6 /* Views */ = {
			isa = PBXGroup;
			children = (
				CE900DC62AC1391A005398E6 /* CoinCell.swift */,
			);
			path = Views;
			sourceTree = "<group>";
		};
		CE900DC02AC12672005398E6 /* Models */ = {
			isa = PBXGroup;
			children = (
				CE900DC42AC12C84005398E6 /* Coin.swift */,
				CEAAB22D2AC4182E00ADB473 /* CoinError.swift */,
			);
			path = Models;
			sourceTree = "<group>";
		};
		CE900DC12AC12679005398E6 /* API */ = {
			isa = PBXGroup;
			children = (
				CEAAB22F2AC5041600ADB473 /* HTTP.swift */,
				CEAAB2312AC55A9500ADB473 /* Endpoint.swift */,
				CEAAB2332AC575E900ADB473 /* CoinService.swift */,
			);
			path = API;
			sourceTree = "<group>";
		};
/* End PBXGroup section */

/* Begin PBXNativeTarget section */
		CE900DA42AC12292005398E6 /* iCryptPro */ = {
			isa = PBXNativeTarget;
			buildConfigurationList = CE900DB92AC12296005398E6 /* Build configuration list for PBXNativeTarget "iCryptPro" */;
			buildPhases = (
				89D0AA379FF8213BE7ECAA5B /* [CP] Check Pods Manifest.lock */,
				CE900DA12AC12292005398E6 /* Sources */,
				CE900DA22AC12292005398E6 /* Frameworks */,
				CE900DA32AC12292005398E6 /* Resources */,
				6E97C2105E36BBA2F10B702D /* [CP] Embed Pods Frameworks */,
			);
			buildRules = (
			);
			dependencies = (
			);
			name = iCryptPro;
			packageProductDependencies = (
				CECC42772AD42ACC0066C179 /* SDWebImage */,
			);
			productName = iCryptPro;
			productReference = CE900DA52AC12292005398E6 /* iCryptPro.app */;
			productType = "com.apple.product-type.application";
		};
/* End PBXNativeTarget section */

/* Begin PBXProject section */
		CE900D9D2AC12292005398E6 /* Project object */ = {
			isa = PBXProject;
			attributes = {
				BuildIndependentTargetsInParallel = 1;
				LastSwiftUpdateCheck = 1430;
				LastUpgradeCheck = 1430;
				TargetAttributes = {
					CE900DA42AC12292005398E6 = {
						CreatedOnToolsVersion = 14.3.1;
					};
				};
			};
			buildConfigurationList = CE900DA02AC12292005398E6 /* Build configuration list for PBXProject "iCryptPro" */;
			compatibilityVersion = "Xcode 14.0";
			developmentRegion = en;
			hasScannedForEncodings = 0;
			knownRegions = (
				en,
				Base,
			);
			mainGroup = CE900D9C2AC12292005398E6;
			packageReferences = (
				CECC42762AD42ACB0066C179 /* XCRemoteSwiftPackageReference "SDWebImage.git" */,
			);
			productRefGroup = CE900DA62AC12292005398E6 /* Products */;
			projectDirPath = "";
			projectRoot = "";
			targets = (
				CE900DA42AC12292005398E6 /* iCryptPro */,
			);
		};
/* End PBXProject section */

/* Begin PBXResourcesBuildPhase section */
		CE900DA32AC12292005398E6 /* Resources */ = {
			isa = PBXResourcesBuildPhase;
			buildActionMask = 2147483647;
			files = (
				CE900DB52AC12296005398E6 /* LaunchScreen.storyboard in Resources */,
				CE900DB22AC12296005398E6 /* Assets.xcassets in Resources */,
			);
			runOnlyForDeploymentPostprocessing = 0;
		};
/* End PBXResourcesBuildPhase section */

/* Begin PBXShellScriptBuildPhase section */
		6E97C2105E36BBA2F10B702D /* [CP] Embed Pods Frameworks */ = {
			isa = PBXShellScriptBuildPhase;
			buildActionMask = 2147483647;
			files = (
			);
			inputFileListPaths = (
				"${PODS_ROOT}/Target Support Files/Pods-iCryptPro/Pods-iCryptPro-frameworks-${CONFIGURATION}-input-files.xcfilelist",
			);
			name = "[CP] Embed Pods Frameworks";
			outputFileListPaths = (
				"${PODS_ROOT}/Target Support Files/Pods-iCryptPro/Pods-iCryptPro-frameworks-${CONFIGURATION}-output-files.xcfilelist",
			);
			runOnlyForDeploymentPostprocessing = 0;
			shellPath = /bin/sh;
			shellScript = "\"${PODS_ROOT}/Target Support Files/Pods-iCryptPro/Pods-iCryptPro-frameworks.sh\"\n";
			showEnvVarsInLog = 0;
		};
		89D0AA379FF8213BE7ECAA5B /* [CP] Check Pods Manifest.lock */ = {
			isa = PBXShellScriptBuildPhase;
			buildActionMask = 2147483647;
			files = (
			);
			inputFileListPaths = (
			);
			inputPaths = (
				"${PODS_PODFILE_DIR_PATH}/Podfile.lock",
				"${PODS_ROOT}/Manifest.lock",
			);
			name = "[CP] Check Pods Manifest.lock";
			outputFileListPaths = (
			);
			outputPaths = (
				"$(DERIVED_FILE_DIR)/Pods-iCryptPro-checkManifestLockResult.txt",
			);
			runOnlyForDeploymentPostprocessing = 0;
			shellPath = /bin/sh;
			shellScript = "diff \"${PODS_PODFILE_DIR_PATH}/Podfile.lock\" \"${PODS_ROOT}/Manifest.lock\" > /dev/null\nif [ $? != 0 ] ; then\n    # print error to STDERR\n    echo \"error: The sandbox is not in sync with the Podfile.lock. Run 'pod install' or update your CocoaPods installation.\" >&2\n    exit 1\nfi\n# This output is used by Xcode 'outputs' to avoid re-running this script phase.\necho \"SUCCESS\" > \"${SCRIPT_OUTPUT_FILE_0}\"\n";
			showEnvVarsInLog = 0;
		};
/* End PBXShellScriptBuildPhase section */

/* Begin PBXSourcesBuildPhase section */
		CE900DA12AC12292005398E6 /* Sources */ = {
			isa = PBXSourcesBuildPhase;
			buildActionMask = 2147483647;
			files = (
				CE900DAD2AC12292005398E6 /* HomeController.swift in Sources */,
				CE900DA92AC12292005398E6 /* AppDelegate.swift in Sources */,
				CE900DCB2AC2AD05005398E6 /* ViewCryptoControllerViewModel.swift in Sources */,
				CE900DAB2AC12292005398E6 /* SceneDelegate.swift in Sources */,
				CE900DC92AC17505005398E6 /* ViewCryptoController.swift in Sources */,
				CEAAB2302AC5041600ADB473 /* HTTP.swift in Sources */,
				CEAAB22E2AC4182E00ADB473 /* CoinError.swift in Sources */,
				CE900DC52AC12C85005398E6 /* Coin.swift in Sources */,
				CEAAB2362AC57F3900ADB473 /* HomeControllerViewModel.swift in Sources */,
				CE900DC72AC1391A005398E6 /* CoinCell.swift in Sources */,
				CEAAB2322AC55A9500ADB473 /* Endpoint.swift in Sources */,
				CEAAB2342AC575E900ADB473 /* CoinService.swift in Sources */,
				CE900DC32AC1275A005398E6 /* Constants.swift in Sources */,
			);
			runOnlyForDeploymentPostprocessing = 0;
		};
/* End PBXSourcesBuildPhase section */

/* Begin PBXVariantGroup section */
		CE900DB32AC12296005398E6 /* LaunchScreen.storyboard */ = {
			isa = PBXVariantGroup;
			children = (
				CE900DB42AC12296005398E6 /* Base */,
			);
			name = LaunchScreen.storyboard;
			sourceTree = "<group>";
		};
/* End PBXVariantGroup section */

/* Begin XCBuildConfiguration section */
		CE900DB72AC12296005398E6 /* Debug */ = {
			isa = XCBuildConfiguration;
			buildSettings = {
				ALWAYS_SEARCH_USER_PATHS = NO;
				CLANG_ANALYZER_NONNULL = YES;
				CLANG_ANALYZER_NUMBER_OBJECT_CONVERSION = YES_AGGRESSIVE;
				CLANG_CXX_LANGUAGE_STANDARD = "gnu++20";
				CLANG_ENABLE_MODULES = YES;
				CLANG_ENABLE_OBJC_ARC = YES;
				CLANG_ENABLE_OBJC_WEAK = YES;
				CLANG_WARN_BLOCK_CAPTURE_AUTORELEASING = YES;
				CLANG_WARN_BOOL_CONVERSION = YES;
				CLANG_WARN_COMMA = YES;
				CLANG_WARN_CONSTANT_CONVERSION = YES;
				CLANG_WARN_DEPRECATED_OBJC_IMPLEMENTATIONS = YES;
				CLANG_WARN_DIRECT_OBJC_ISA_USAGE = YES_ERROR;
				CLANG_WARN_DOCUMENTATION_COMMENTS = YES;
				CLANG_WARN_EMPTY_BODY = YES;
				CLANG_WARN_ENUM_CONVERSION = YES;
				CLANG_WARN_INFINITE_RECURSION = YES;
				CLANG_WARN_INT_CONVERSION = YES;
				CLANG_WARN_NON_LITERAL_NULL_CONVERSION = YES;
				CLANG_WARN_OBJC_IMPLICIT_RETAIN_SELF = YES;
				CLANG_WARN_OBJC_LITERAL_CONVERSION = YES;
				CLANG_WARN_OBJC_ROOT_CLASS = YES_ERROR;
				CLANG_WARN_QUOTED_INCLUDE_IN_FRAMEWORK_HEADER = YES;
				CLANG_WARN_RANGE_LOOP_ANALYSIS = YES;
				CLANG_WARN_STRICT_PROTOTYPES = YES;
				CLANG_WARN_SUSPICIOUS_MOVE = YES;
				CLANG_WARN_UNGUARDED_AVAILABILITY = YES_AGGRESSIVE;
				CLANG_WARN_UNREACHABLE_CODE = YES;
				CLANG_WARN__DUPLICATE_METHOD_MATCH = YES;
				COPY_PHASE_STRIP = NO;
				DEBUG_INFORMATION_FORMAT = dwarf;
				ENABLE_STRICT_OBJC_MSGSEND = YES;
				ENABLE_TESTABILITY = YES;
				GCC_C_LANGUAGE_STANDARD = gnu11;
				GCC_DYNAMIC_NO_PIC = NO;
				GCC_NO_COMMON_BLOCKS = YES;
				GCC_OPTIMIZATION_LEVEL = 0;
				GCC_PREPROCESSOR_DEFINITIONS = (
					"DEBUG=1",
					"$(inherited)",
				);
				GCC_WARN_64_TO_32_BIT_CONVERSION = YES;
				GCC_WARN_ABOUT_RETURN_TYPE = YES_ERROR;
				GCC_WARN_UNDECLARED_SELECTOR = YES;
				GCC_WARN_UNINITIALIZED_AUTOS = YES_AGGRESSIVE;
				GCC_WARN_UNUSED_FUNCTION = YES;
				GCC_WARN_UNUSED_VARIABLE = YES;
				IPHONEOS_DEPLOYMENT_TARGET = 13.0;
				MTL_ENABLE_DEBUG_INFO = INCLUDE_SOURCE;
				MTL_FAST_MATH = YES;
				ONLY_ACTIVE_ARCH = YES;
				SDKROOT = iphoneos;
				SWIFT_ACTIVE_COMPILATION_CONDITIONS = DEBUG;
				SWIFT_OPTIMIZATION_LEVEL = "-Onone";
			};
			name = Debug;
		};
		CE900DB82AC12296005398E6 /* Release */ = {
			isa = XCBuildConfiguration;
			buildSettings = {
				ALWAYS_SEARCH_USER_PATHS = NO;
				CLANG_ANALYZER_NONNULL = YES;
				CLANG_ANALYZER_NUMBER_OBJECT_CONVERSION = YES_AGGRESSIVE;
				CLANG_CXX_LANGUAGE_STANDARD = "gnu++20";
				CLANG_ENABLE_MODULES = YES;
				CLANG_ENABLE_OBJC_ARC = YES;
				CLANG_ENABLE_OBJC_WEAK = YES;
				CLANG_WARN_BLOCK_CAPTURE_AUTORELEASING = YES;
				CLANG_WARN_BOOL_CONVERSION = YES;
				CLANG_WARN_COMMA = YES;
				CLANG_WARN_CONSTANT_CONVERSION = YES;
				CLANG_WARN_DEPRECATED_OBJC_IMPLEMENTATIONS = YES;
				CLANG_WARN_DIRECT_OBJC_ISA_USAGE = YES_ERROR;
				CLANG_WARN_DOCUMENTATION_COMMENTS = YES;
				CLANG_WARN_EMPTY_BODY = YES;
				CLANG_WARN_ENUM_CONVERSION = YES;
				CLANG_WARN_INFINITE_RECURSION = YES;
				CLANG_WARN_INT_CONVERSION = YES;
				CLANG_WARN_NON_LITERAL_NULL_CONVERSION = YES;
				CLANG_WARN_OBJC_IMPLICIT_RETAIN_SELF = YES;
				CLANG_WARN_OBJC_LITERAL_CONVERSION = YES;
				CLANG_WARN_OBJC_ROOT_CLASS = YES_ERROR;
				CLANG_WARN_QUOTED_INCLUDE_IN_FRAMEWORK_HEADER = YES;
				CLANG_WARN_RANGE_LOOP_ANALYSIS = YES;
				CLANG_WARN_STRICT_PROTOTYPES = YES;
				CLANG_WARN_SUSPICIOUS_MOVE = YES;
				CLANG_WARN_UNGUARDED_AVAILABILITY = YES_AGGRESSIVE;
				CLANG_WARN_UNREACHABLE_CODE = YES;
				CLANG_WARN__DUPLICATE_METHOD_MATCH = YES;
				COPY_PHASE_STRIP = NO;
				DEBUG_INFORMATION_FORMAT = "dwarf-with-dsym";
				ENABLE_NS_ASSERTIONS = NO;
				ENABLE_STRICT_OBJC_MSGSEND = YES;
				GCC_C_LANGUAGE_STANDARD = gnu11;
				GCC_NO_COMMON_BLOCKS = YES;
				GCC_WARN_64_TO_32_BIT_CONVERSION = YES;
				GCC_WARN_ABOUT_RETURN_TYPE = YES_ERROR;
				GCC_WARN_UNDECLARED_SELECTOR = YES;
				GCC_WARN_UNINITIALIZED_AUTOS = YES_AGGRESSIVE;
				GCC_WARN_UNUSED_FUNCTION = YES;
				GCC_WARN_UNUSED_VARIABLE = YES;
				IPHONEOS_DEPLOYMENT_TARGET = 13.0;
				MTL_ENABLE_DEBUG_INFO = NO;
				MTL_FAST_MATH = YES;
				SDKROOT = iphoneos;
				SWIFT_COMPILATION_MODE = wholemodule;
				SWIFT_OPTIMIZATION_LEVEL = "-O";
				VALIDATE_PRODUCT = YES;
			};
			name = Release;
		};
		CE900DBA2AC12296005398E6 /* Debug */ = {
			isa = XCBuildConfiguration;
			baseConfigurationReference = 51B27967B5697B53D6939D39 /* Pods-iCryptPro.debug.xcconfig */;
			buildSettings = {
				ASSETCATALOG_COMPILER_APPICON_NAME = AppIcon;
				ASSETCATALOG_COMPILER_GLOBAL_ACCENT_COLOR_NAME = AccentColor;
				CODE_SIGN_STYLE = Automatic;
				CURRENT_PROJECT_VERSION = 1;
				DEVELOPMENT_TEAM = FG6ULCJBP4;
				GENERATE_INFOPLIST_FILE = YES;
				INFOPLIST_FILE = iCryptPro/Info.plist;
				INFOPLIST_KEY_UIApplicationSupportsIndirectInputEvents = YES;
				INFOPLIST_KEY_UILaunchStoryboardName = LaunchScreen;
				INFOPLIST_KEY_UISupportedInterfaceOrientations_iPad = "UIInterfaceOrientationPortrait UIInterfaceOrientationPortraitUpsideDown UIInterfaceOrientationLandscapeLeft UIInterfaceOrientationLandscapeRight";
				INFOPLIST_KEY_UISupportedInterfaceOrientations_iPhone = "UIInterfaceOrientationPortrait UIInterfaceOrientationLandscapeLeft UIInterfaceOrientationLandscapeRight";
				IPHONEOS_DEPLOYMENT_TARGET = 13.0;
				LD_RUNPATH_SEARCH_PATHS = (
					"$(inherited)",
					"@executable_path/Frameworks",
				);
				MARKETING_VERSION = 1.0;
				PRODUCT_BUNDLE_IDENTIFIER = com.nezukowashere.iCryptPro;
				PRODUCT_NAME = "$(TARGET_NAME)";
				SWIFT_EMIT_LOC_STRINGS = YES;
				SWIFT_VERSION = 5.0;
				TARGETED_DEVICE_FAMILY = "1,2";
			};
			name = Debug;
		};
		CE900DBB2AC12296005398E6 /* Release */ = {
			isa = XCBuildConfiguration;
			baseConfigurationReference = E1D002CA4196CA05F62B1317 /* Pods-iCryptPro.release.xcconfig */;
			buildSettings = {
				ASSETCATALOG_COMPILER_APPICON_NAME = AppIcon;
				ASSETCATALOG_COMPILER_GLOBAL_ACCENT_COLOR_NAME = AccentColor;
				CODE_SIGN_STYLE = Automatic;
				CURRENT_PROJECT_VERSION = 1;
				DEVELOPMENT_TEAM = FG6ULCJBP4;
				GENERATE_INFOPLIST_FILE = YES;
				INFOPLIST_FILE = iCryptPro/Info.plist;
				INFOPLIST_KEY_UIApplicationSupportsIndirectInputEvents = YES;
				INFOPLIST_KEY_UILaunchStoryboardName = LaunchScreen;
				INFOPLIST_KEY_UISupportedInterfaceOrientations_iPad = "UIInterfaceOrientationPortrait UIInterfaceOrientationPortraitUpsideDown UIInterfaceOrientationLandscapeLeft UIInterfaceOrientationLandscapeRight";
				INFOPLIST_KEY_UISupportedInterfaceOrientations_iPhone = "UIInterfaceOrientationPortrait UIInterfaceOrientationLandscapeLeft UIInterfaceOrientationLandscapeRight";
				IPHONEOS_DEPLOYMENT_TARGET = 13.0;
				LD_RUNPATH_SEARCH_PATHS = (
					"$(inherited)",
					"@executable_path/Frameworks",
				);
				MARKETING_VERSION = 1.0;
				PRODUCT_BUNDLE_IDENTIFIER = com.nezukowashere.iCryptPro;
				PRODUCT_NAME = "$(TARGET_NAME)";
				SWIFT_EMIT_LOC_STRINGS = YES;
				SWIFT_VERSION = 5.0;
				TARGETED_DEVICE_FAMILY = "1,2";
			};
			name = Release;
		};
/* End XCBuildConfiguration section */

/* Begin XCConfigurationList section */
		CE900DA02AC12292005398E6 /* Build configuration list for PBXProject "iCryptPro" */ = {
			isa = XCConfigurationList;
			buildConfigurations = (
				CE900DB72AC12296005398E6 /* Debug */,
				CE900DB82AC12296005398E6 /* Release */,
			);
			defaultConfigurationIsVisible = 0;
			defaultConfigurationName = Release;
		};
		CE900DB92AC12296005398E6 /* Build configuration list for PBXNativeTarget "iCryptPro" */ = {
			isa = XCConfigurationList;
			buildConfigurations = (
				CE900DBA2AC12296005398E6 /* Debug */,
				CE900DBB2AC12296005398E6 /* Release */,
			);
			defaultConfigurationIsVisible = 0;
			defaultConfigurationName = Release;
		};
/* End XCConfigurationList section */

/* Begin XCRemoteSwiftPackageReference section */
		CECC42762AD42ACB0066C179 /* XCRemoteSwiftPackageReference "SDWebImage.git" */ = {
			isa = XCRemoteSwiftPackageReference;
			repositoryURL = "https://github.com/SDWebImage/SDWebImage.git";
			requirement = {
				kind = upToNextMajorVersion;
				minimumVersion = 5.0.0;
			};
		};
/* End XCRemoteSwiftPackageReference section */

/* Begin XCSwiftPackageProductDependency section */
		CECC42772AD42ACC0066C179 /* SDWebImage */ = {
			isa = XCSwiftPackageProductDependency;
			package = CECC42762AD42ACB0066C179 /* XCRemoteSwiftPackageReference "SDWebImage.git" */;
			productName = SDWebImage;
		};
/* End XCSwiftPackageProductDependency section */
	};
	rootObject = CE900D9D2AC12292005398E6 /* Project object */;
}
